
Microsoft Visual Studio Solution File, Format Version 12.00
# Visual Studio Version 17
VisualStudioVersion = 17.2.32519.379
MinimumVisualStudioVersion = 10.0.40219.1
Project("{FAE04EC0-301F-11D3-BF4B-00C04F79EFBC}") = "CreateILWithCSharp", "CreateILWithCSharp.csproj", "{15CAC85B-2C4A-41AF-9581-9C12D2B10227}"
EndProject
Global
	GlobalSection(SolutionConfigurationPlatforms) = preSolution
		Debug|Any CPU = Debug|Any CPU
		Release|Any CPU = Release|Any CPU
	EndGlobalSection
	GlobalSection(ProjectConfigurationPlatforms) = postSolution
		{15CAC85B-2C4A-41AF-9581-9C12D2B10227}.Debug|Any CPU.ActiveCfg = Debug|Any CPU
		{15CAC85B-2C4A-41AF-9581-9C12D2B10227}.Debug|Any CPU.Build.0 = Debug|Any CPU
		{15CAC85B-2C4A-41AF-9581-9C12D2B10227}.Release|Any CPU.ActiveCfg = Release|Any CPU
		{15CAC85B-2C4A-41AF-9581-9C12D2B10227}.Release|Any CPU.Build.0 = Release|Any CPU
	EndGlobalSection
	GlobalSection(SolutionProperties) = preSolution
		HideSolutionNode = FALSE
	EndGlobalSection
	GlobalSection(ExtensibilityGlobals) = postSolution
		SolutionGuid = {BA810753-8935-4C20-BC49-D74C339CC4E6}
	EndGlobalSection
EndGlobal
